
Microsoft Visual Studio Solution File, Format Version 12.00
# Visual Studio Version 17
VisualStudioVersion = 17.12.35521.163
MinimumVisualStudioVersion = 10.0.40219.1
Project("{2150E333-8FDC-42A3-9474-1A3956D46DE8}") = "Sprint2", "Sprint2", "{EF9A1A02-A846-4635-A2DB-0CEEF869EFB2}"
EndProject
Project("{FAE04EC0-301F-11D3-BF4B-00C04F79EFBC}") = "Tyuiu.SizikovSS.SprintReview.Sprint2.V7", "Tyuiu.SizikovSS.SprintReview.Sprint2.V7\Tyuiu.SizikovSS.SprintReview.Sprint2.V7.csproj", "{D0059F02-2F8E-4ABA-9D7B-BAC5C8C3E7C1}"
EndProject
Project("{FAE04EC0-301F-11D3-BF4B-00C04F79EFBC}") = "Tyuiu.SizikovSS.SprintReview.Sprint2.V7.Lib", "Tyuiu.SizikovSS.SprintReview.Sprint2.V7.Lib\Tyuiu.SizikovSS.SprintReview.Sprint2.V7.Lib.csproj", "{2DE01F50-68E4-438E-82E9-B1A421EB0D62}"
EndProject
Project("{FAE04EC0-301F-11D3-BF4B-00C04F79EFBC}") = "Tyuiu.SizikovSS.SprintReview.Sprint2.V7.Test", "Tyuiu.SizikovSS.SprintReview.Sprint2.V7.Test\Tyuiu.SizikovSS.SprintReview.Sprint2.V7.Test.csproj", "{8C33773A-5F96-4E0C-8575-129747D376BF}"
EndProject
Project("{2150E333-8FDC-42A3-9474-1A3956D46DE8}") = "Sprint3", "Sprint3", "{90F2625E-FD30-4DCE-9A2C-5BF70446E957}"
EndProject
Project("{FAE04EC0-301F-11D3-BF4B-00C04F79EFBC}") = "Tyuiu.SizikovSS.SprintReview.Sprint3.V7", "Tyuiu.SizikovSS.SprintReview.Sprint3.V7\Tyuiu.SizikovSS.SprintReview.Sprint3.V7.csproj", "{2D5B7882-81AC-4CE3-B8E4-75C7430C1B42}"
EndProject
Project("{FAE04EC0-301F-11D3-BF4B-00C04F79EFBC}") = "Tyuiu.SizikovSS.SprintReview.Sprint3.V7.Lib", "Tyuiu.SizikovSS.SprintReview.Sprint3.V7.Lib\Tyuiu.SizikovSS.SprintReview.Sprint3.V7.Lib.csproj", "{DF718DB7-9781-4FD7-B187-C6C677C27228}"
EndProject
Project("{FAE04EC0-301F-11D3-BF4B-00C04F79EFBC}") = "Tyuiu.SizikovSS.SprintReview.Sprint3.V7.Test", "Tyuiu.SizikovSS.SprintReview.Sprint3.V7.Test\Tyuiu.SizikovSS.SprintReview.Sprint3.V7.Test.csproj", "{63121B44-9F7B-4B42-9B6B-DA0D3F95E7DC}"
EndProject
Project("{2150E333-8FDC-42A3-9474-1A3956D46DE8}") = "Sprint4", "Sprint4", "{F24F2E87-6D11-4FA6-924B-D803C97FC439}"
EndProject
Project("{FAE04EC0-301F-11D3-BF4B-00C04F79EFBC}") = "Tyuiu.SizikovSS.SprintReview.Sprint4.V7", "Tyuiu.SizikovSS.SprintReview.Sprint4.V7\Tyuiu.SizikovSS.SprintReview.Sprint4.V7.csproj", "{530F4972-90E6-4345-B799-87B0101D0E02}"
EndProject
Project("{FAE04EC0-301F-11D3-BF4B-00C04F79EFBC}") = "Tyuiu.SizikovSS.SprintReview.Sprint4.V7.Lib", "Tyuiu.SizikovSS.SprintReview.Sprint4.V7.Lib\Tyuiu.SizikovSS.SprintReview.Sprint4.V7.Lib.csproj", "{E7B09D90-9AD1-4620-9428-AAF8A8AFA71A}"
EndProject
Project("{FAE04EC0-301F-11D3-BF4B-00C04F79EFBC}") = "Tyuiu.SizikovSS.SprintReview.Sprint4.V7.Test", "Tyuiu.SizikovSS.SprintReview.Sprint4.V7.Test\Tyuiu.SizikovSS.SprintReview.Sprint4.V7.Test.csproj", "{1293A6A0-1D9A-4CC4-A649-7D1E11B4BABB}"
EndProject
Global
	GlobalSection(SolutionConfigurationPlatforms) = preSolution
		Debug|Any CPU = Debug|Any CPU
		Release|Any CPU = Release|Any CPU
	EndGlobalSection
	GlobalSection(ProjectConfigurationPlatforms) = postSolution
		{D0059F02-2F8E-4ABA-9D7B-BAC5C8C3E7C1}.Debug|Any CPU.ActiveCfg = Debug|Any CPU
		{D0059F02-2F8E-4ABA-9D7B-BAC5C8C3E7C1}.Debug|Any CPU.Build.0 = Debug|Any CPU
		{D0059F02-2F8E-4ABA-9D7B-BAC5C8C3E7C1}.Release|Any CPU.ActiveCfg = Release|Any CPU
		{D0059F02-2F8E-4ABA-9D7B-BAC5C8C3E7C1}.Release|Any CPU.Build.0 = Release|Any CPU
		{2DE01F50-68E4-438E-82E9-B1A421EB0D62}.Debug|Any CPU.ActiveCfg = Debug|Any CPU
		{2DE01F50-68E4-438E-82E9-B1A421EB0D62}.Debug|Any CPU.Build.0 = Debug|Any CPU
		{2DE01F50-68E4-438E-82E9-B1A421EB0D62}.Release|Any CPU.ActiveCfg = Release|Any CPU
		{2DE01F50-68E4-438E-82E9-B1A421EB0D62}.Release|Any CPU.Build.0 = Release|Any CPU
		{8C33773A-5F96-4E0C-8575-129747D376BF}.Debug|Any CPU.ActiveCfg = Debug|Any CPU
		{8C33773A-5F96-4E0C-8575-129747D376BF}.Debug|Any CPU.Build.0 = Debug|Any CPU
		{8C33773A-5F96-4E0C-8575-129747D376BF}.Release|Any CPU.ActiveCfg = Release|Any CPU
		{8C33773A-5F96-4E0C-8575-129747D376BF}.Release|Any CPU.Build.0 = Release|Any CPU
		{2D5B7882-81AC-4CE3-B8E4-75C7430C1B42}.Debug|Any CPU.ActiveCfg = Debug|Any CPU
		{2D5B7882-81AC-4CE3-B8E4-75C7430C1B42}.Debug|Any CPU.Build.0 = Debug|Any CPU
		{2D5B7882-81AC-4CE3-B8E4-75C7430C1B42}.Release|Any CPU.ActiveCfg = Release|Any CPU
		{2D5B7882-81AC-4CE3-B8E4-75C7430C1B42}.Release|Any CPU.Build.0 = Release|Any CPU
		{DF718DB7-9781-4FD7-B187-C6C677C27228}.Debug|Any CPU.ActiveCfg = Debug|Any CPU
		{DF718DB7-9781-4FD7-B187-C6C677C27228}.Debug|Any CPU.Build.0 = Debug|Any CPU
		{DF718DB7-9781-4FD7-B187-C6C677C27228}.Release|Any CPU.ActiveCfg = Release|Any CPU
		{DF718DB7-9781-4FD7-B187-C6C677C27228}.Release|Any CPU.Build.0 = Release|Any CPU
		{63121B44-9F7B-4B42-9B6B-DA0D3F95E7DC}.Debug|Any CPU.ActiveCfg = Debug|Any CPU
		{63121B44-9F7B-4B42-9B6B-DA0D3F95E7DC}.Debug|Any CPU.Build.0 = Debug|Any CPU
		{63121B44-9F7B-4B42-9B6B-DA0D3F95E7DC}.Release|Any CPU.ActiveCfg = Release|Any CPU
		{63121B44-9F7B-4B42-9B6B-DA0D3F95E7DC}.Release|Any CPU.Build.0 = Release|Any CPU
		{530F4972-90E6-4345-B799-87B0101D0E02}.Debug|Any CPU.ActiveCfg = Debug|Any CPU
		{530F4972-90E6-4345-B799-87B0101D0E02}.Debug|Any CPU.Build.0 = Debug|Any CPU
		{530F4972-90E6-4345-B799-87B0101D0E02}.Release|Any CPU.ActiveCfg = Release|Any CPU
		{530F4972-90E6-4345-B799-87B0101D0E02}.Release|Any CPU.Build.0 = Release|Any CPU
		{E7B09D90-9AD1-4620-9428-AAF8A8AFA71A}.Debug|Any CPU.ActiveCfg = Debug|Any CPU
		{E7B09D90-9AD1-4620-9428-AAF8A8AFA71A}.Debug|Any CPU.Build.0 = Debug|Any CPU
		{E7B09D90-9AD1-4620-9428-AAF8A8AFA71A}.Release|Any CPU.ActiveCfg = Release|Any CPU
		{E7B09D90-9AD1-4620-9428-AAF8A8AFA71A}.Release|Any CPU.Build.0 = Release|Any CPU
		{1293A6A0-1D9A-4CC4-A649-7D1E11B4BABB}.Debug|Any CPU.ActiveCfg = Debug|Any CPU
		{1293A6A0-1D9A-4CC4-A649-7D1E11B4BABB}.Debug|Any CPU.Build.0 = Debug|Any CPU
		{1293A6A0-1D9A-4CC4-A649-7D1E11B4BABB}.Release|Any CPU.ActiveCfg = Release|Any CPU
		{1293A6A0-1D9A-4CC4-A649-7D1E11B4BABB}.Release|Any CPU.Build.0 = Release|Any CPU
	EndGlobalSection
	GlobalSection(SolutionProperties) = preSolution
		HideSolutionNode = FALSE
	EndGlobalSection
	GlobalSection(NestedProjects) = preSolution
		{D0059F02-2F8E-4ABA-9D7B-BAC5C8C3E7C1} = {EF9A1A02-A846-4635-A2DB-0CEEF869EFB2}
		{2DE01F50-68E4-438E-82E9-B1A421EB0D62} = {EF9A1A02-A846-4635-A2DB-0CEEF869EFB2}
		{8C33773A-5F96-4E0C-8575-129747D376BF} = {EF9A1A02-A846-4635-A2DB-0CEEF869EFB2}
		{2D5B7882-81AC-4CE3-B8E4-75C7430C1B42} = {90F2625E-FD30-4DCE-9A2C-5BF70446E957}
		{DF718DB7-9781-4FD7-B187-C6C677C27228} = {90F2625E-FD30-4DCE-9A2C-5BF70446E957}
		{63121B44-9F7B-4B42-9B6B-DA0D3F95E7DC} = {90F2625E-FD30-4DCE-9A2C-5BF70446E957}
		{530F4972-90E6-4345-B799-87B0101D0E02} = {F24F2E87-6D11-4FA6-924B-D803C97FC439}
		{E7B09D90-9AD1-4620-9428-AAF8A8AFA71A} = {F24F2E87-6D11-4FA6-924B-D803C97FC439}
		{1293A6A0-1D9A-4CC4-A649-7D1E11B4BABB} = {F24F2E87-6D11-4FA6-924B-D803C97FC439}
	EndGlobalSection
EndGlobal
